# @generated - this file is auto-generated by `mise lock` https://mise.jdx.dev/dev-tools/mise-lock.html

lockfile_version = 1

[[tools.marp-cli]]
version = "4.5.0"
backend = "aqua:marp-team/marp-cli"
specifiers = ["latest"]

[tools.marp-cli."platforms.linux-x64"]
checksum = "sha256:ae46ff054919dccd20f2402fd1747a2363ab2dc5a652f2d589df211ed5e26d88"
url = "https://github.com/marp-team/marp-cli/releases/download/v4.5.0/marp-cli-v4.5.0-linux.tar.gz"
url_api = "https://api.github.com/repos/marp-team/marp-cli/releases/assets/480912019"

[tools.marp-cli."platforms.linux-x64-musl"]
checksum = "sha256:ae46ff054919dccd20f2402fd1747a2363ab2dc5a652f2d589df211ed5e26d88"
url = "https://github.com/marp-team/marp-cli/releases/download/v4.5.0/marp-cli-v4.5.0-linux.tar.gz"
url_api = "https://api.github.com/repos/marp-team/marp-cli/releases/assets/480912019"

[tools.marp-cli."platforms.macos-arm64"]
checksum = "sha256:f4a0f1e6948aa1c6b71d5e4036b6b96cdfbb24e4090e310d4858aad857199a28"
url = "https://github.com/marp-team/marp-cli/releases/download/v4.5.0/marp-cli-v4.5.0-mac.tar.gz"
url_api = "https://api.github.com/repos/marp-team/marp-cli/releases/assets/480911889"

[tools.marp-cli."platforms.macos-x64"]
checksum = "sha256:f4a0f1e6948aa1c6b71d5e4036b6b96cdfbb24e4090e310d4858aad857199a28"
url = "https://github.com/marp-team/marp-cli/releases/download/v4.5.0/marp-cli-v4.5.0-mac.tar.gz"
url_api = "https://api.github.com/repos/marp-team/marp-cli/releases/assets/480911889"

[tools.marp-cli."platforms.windows-x64"]
checksum = "sha256:b1fedb3d0879c667351175222082ec82dd5f8f389d6dd8cdc5543c508cd4e7ec"
url = "https://github.com/marp-team/marp-cli/releases/download/v4.5.0/marp-cli-v4.5.0-win.zip"
url_api = "https://api.github.com/repos/marp-team/marp-cli/releases/assets/480912663"

[[tools.python]]
version = "3.14.6"
backend = "core:python"
specifiers = ["3.14"]

[tools.python."platforms.linux-arm64"]
checksum = "sha256:8ad1ec529cd1708245e8661a463245fc1479c43cbfd66e58b095456ebf77180a"
url = "https://github.com/astral-sh/python-build-standalone/releases/download/20260804/cpython-3.14.6+20260804-aarch64-unknown-linux-gnu-install_only_stripped.tar.gz"
provenance = "github-attestations"

[tools.python."platforms.linux-arm64-musl"]
checksum = "sha256:85dbb537dc5d6679edabfb61cefdf2511d26cb8669662c4563202b0990e79b4a"
url = "https://github.com/astral-sh/python-build-standalone/releases/download/20260804/cpython-3.14.6+20260804-aarch64-unknown-linux-musl-install_only_stripped.tar.gz"
provenance = "github-attestations"

[tools.python."platforms.linux-x64"]
checksum = "sha256:ba960817e542642021135db330d875f410f4e14c64a62e2ae5faf3697ada08b2"
url = "https://github.com/astral-sh/python-build-standalone/releases/download/20260804/cpython-3.14.6+20260804-x86_64-unknown-linux-gnu-install_only_stripped.tar.gz"
provenance = "github-attestations"

[tools.python."platforms.linux-x64-musl"]
checksum = "sha256:cbedbddcc6b2de99310015e629df67aeb732f622bbf258ec5d310757f85ab7ac"
url = "https://github.com/astral-sh/python-build-standalone/releases/download/20260804/cpython-3.14.6+20260804-x86_64-unknown-linux-musl-install_only_stripped.tar.gz"
provenance = "github-attestations"

[tools.python."platforms.macos-arm64"]
checksum = "sha256:e0d4e5066aef3248c22e08a07546bfd5edeaca904c91fadc296be720998ec2ec"
url = "https://github.com/astral-sh/python-build-standalone/releases/download/20260804/cpython-3.14.6+20260804-aarch64-apple-darwin-install_only_stripped.tar.gz"
provenance = "github-attestations"

[tools.python."platforms.macos-x64"]
checksum = "sha256:78ded4c4f0b6a931240f09bd20608533bb40dd71c1ff953c7267359075ca8b16"
url = "https://github.com/astral-sh/python-build-standalone/releases/download/20260804/cpython-3.14.6+20260804-x86_64-apple-darwin-install_only_stripped.tar.gz"
provenance = "github-attestations"

[tools.python."platforms.windows-x64"]
checksum = "sha256:ada613a2af32c04cf7c54726243c56d76f0e59f5f61d2f28371d3b9d8efad566"
url = "https://github.com/astral-sh/python-build-standalone/releases/download/20260804/cpython-3.14.6+20260804-x86_64-pc-windows-msvc-install_only_stripped.tar.gz"
provenance = "github-attestations"

[[tools.uv]]
version = "0.11.19"
backend = "aqua:astral-sh/uv"
specifiers = ["latest"]

[tools.uv."platforms.linux-arm64"]
checksum = "sha256:83b13ab184a45b7d9a3b0e4b10eaebd50ad41e66cb16dcce8e60aa7be13ae399"
url = "https://github.com/astral-sh/uv/releases/download/0.11.19/uv-aarch64-unknown-linux-gnu.tar.gz"
url_api = "https://api.github.com/repos/astral-sh/uv/releases/assets/437685439"
provenance = "github-attestations"

[tools.uv."platforms.linux-arm64-musl"]
checksum = "sha256:767629b64cdf078c32e42819db28d5ca868b8dc7e3a879967fadc3e4f7f66be3"
url = "https://github.com/astral-sh/uv/releases/download/0.11.19/uv-aarch64-unknown-linux-musl.tar.gz"
url_api = "https://api.github.com/repos/astral-sh/uv/releases/assets/437685442"
provenance = "github-attestations"

[tools.uv."platforms.linux-x64"]
checksum = "sha256:7035608168e106375b36d0c818d537a889c51a8625fe7f8f7cad5e62b947c368"
url = "https://github.com/astral-sh/uv/releases/download/0.11.19/uv-x86_64-unknown-linux-gnu.tar.gz"
url_api = "https://api.github.com/repos/astral-sh/uv/releases/assets/437685519"
provenance = "github-attestations"

[tools.uv."platforms.linux-x64-musl"]
checksum = "sha256:c4c0d0a383413261af5f0f0743e1292f4aafbe907987ed83bd0ac66f0a3d7e20"
url = "https://github.com/astral-sh/uv/releases/download/0.11.19/uv-x86_64-unknown-linux-musl.tar.gz"
url_api = "https://api.github.com/repos/astral-sh/uv/releases/assets/437685523"
provenance = "github-attestations"

[tools.uv."platforms.macos-arm64"]
checksum = "sha256:d8f59c38e8c4168ee468d423cd63184be12fa6995a4283d41ee1a14d003c9453"
url = "https://github.com/astral-sh/uv/releases/download/0.11.19/uv-aarch64-apple-darwin.tar.gz"
url_api = "https://api.github.com/repos/astral-sh/uv/releases/assets/437685424"
provenance = "github-attestations"

[tools.uv."platforms.macos-x64"]
checksum = "sha256:1585f415cade9f061e7f00fe5b00030a79ccfac60c650242ce639ba946138d40"
url = "https://github.com/astral-sh/uv/releases/download/0.11.19/uv-x86_64-apple-darwin.tar.gz"
url_api = "https://api.github.com/repos/astral-sh/uv/releases/assets/437685512"
provenance = "github-attestations"

[tools.uv."platforms.windows-x64"]
checksum = "sha256:1665fc8e37b5d70a134820d6d7891747471a2ac8bc940ee7af0b69fd03b28d61"
url = "https://github.com/astral-sh/uv/releases/download/0.11.19/uv-x86_64-pc-windows-msvc.zip"
url_api = "https://api.github.com/repos/astral-sh/uv/releases/assets/437685517"
provenance = "github-attestations"
